// !$*UTF8*$!
{
	archiveVersion = 1;
	classes = {
	};
	objectVersion = 46;
	objects = {

/* Begin PBXBuildFile section */
		EA2AFD891EF0CF58001C9148 /* ShoppingCraCell.m in Sources */ = {isa = PBXBuildFile; fileRef = EA2AFD881EF0CF58001C9148 /* ShoppingCraCell.m */; };
		EA2AFD8D1EF0D0A6001C9148 /* PPNumberButton.m in Sources */ = {isa = PBXBuildFile; fileRef = EA2AFD8C1EF0D0A6001C9148 /* PPNumberButton.m */; };
		EAABC6D91EF0C9D600EF3F2C /* main.m in Sources */ = {isa = PBXBuildFile; fileRef = EAABC6D81EF0C9D600EF3F2C /* main.m */; };
		EAABC6DC1EF0C9D600EF3F2C /* AppDelegate.m in Sources */ = {isa = PBXBuildFile; fileRef = EAABC6DB1EF0C9D600EF3F2C /* AppDelegate.m */; };
		EAABC6DF1EF0C9D600EF3F2C /* ShoppingCraVC.m in Sources */ = {isa = PBXBuildFile; fileRef = EAABC6DE1EF0C9D600EF3F2C /* ShoppingCraVC.m */; };
		EAABC6E21EF0C9D600EF3F2C /* Main.storyboard in Resources */ = {isa = PBXBuildFile; fileRef = EAABC6E01EF0C9D600EF3F2C /* Main.storyboard */; };
		EAABC6E41EF0C9D600EF3F2C /* Assets.xcassets in Resources */ = {isa = PBXBuildFile; fileRef = EAABC6E31EF0C9D600EF3F2C /* Assets.xcassets */; };
		EAABC6E71EF0C9D600EF3F2C /* LaunchScreen.storyboard in Resources */ = {isa = PBXBuildFile; fileRef = EAABC6E51EF0C9D600EF3F2C /* LaunchScreen.storyboard */; };
		EAEADCCC1EF0F8080065EB5E /* ViewController.m in Sources */ = {isa = PBXBuildFile; fileRef = EAEADCCB1EF0F8080065EB5E /* ViewController.m */; };
		EAEADCCF1EF1302E0065EB5E /* ShoppingCarModel.m in Sources */ = {isa = PBXBuildFile; fileRef = EAEADCCE1EF1302E0065EB5E /* ShoppingCarModel.m */; };
		EAEADCD11EF1323D0065EB5E /* 123456.jpg in Resources */ = {isa = PBXBuildFile; fileRef = EAEADCD01EF1323D0065EB5E /* 123456.jpg */; };
/* End PBXBuildFile section */

/* Begin PBXFileReference section */
		EA2AFD871EF0CF58001C9148 /* ShoppingCraCell.h */ = {isa = PBXFileReference; fileEncoding = 4; lastKnownFileType = sourcecode.c.h; path = ShoppingCraCell.h; sourceTree = "<group>"; };
		EA2AFD881EF0CF58001C9148 /* ShoppingCraCell.m */ = {isa = PBXFileReference; fileEncoding = 4; lastKnownFileType = sourcecode.c.objc; path = ShoppingCraCell.m; sourceTree = "<group>"; };
		EA2AFD8B1EF0D0A6001C9148 /* PPNumberButton.h */ = {isa = PBXFileReference; fileEncoding = 4; lastKnownFileType = sourcecode.c.h; path = PPNumberButton.h; sourceTree = "<group>"; };
		EA2AFD8C1EF0D0A6001C9148 /* PPNumberButton.m */ = {isa = PBXFileReference; fileEncoding = 4; lastKnownFileType = sourcecode.c.objc; path = PPNumberButton.m; sourceTree = "<group>"; };
		EAABC6D41EF0C9D600EF3F2C /* ShoppingCar.app */ = {isa = PBXFileReference; explicitFileType = wrapper.application; includeInIndex = 0; path = ShoppingCar.app; sourceTree = BUILT_PRODUCTS_DIR; };
		EAABC6D81EF0C9D600EF3F2C /* main.m */ = {isa = PBXFileReference; lastKnownFileType = sourcecode.c.objc; path = main.m; sourceTree = "<group>"; };
		EAABC6DA1EF0C9D600EF3F2C /* AppDelegate.h */ = {isa = PBXFileReference; lastKnownFileType = sourcecode.c.h; path = AppDelegate.h; sourceTree = "<group>"; };
		EAABC6DB1EF0C9D600EF3F2C /* AppDelegate.m */ = {isa = PBXFileReference; lastKnownFileType = sourcecode.c.objc; path = AppDelegate.m; sourceTree = "<group>"; };
		EAABC6DD1EF0C9D600EF3F2C /* ShoppingCraVC.h */ = {isa = PBXFileReference; lastKnownFileType = sourcecode.c.h; path = ShoppingCraVC.h; sourceTree = "<group>"; };
		EAABC6DE1EF0C9D600EF3F2C /* ShoppingCraVC.m */ = {isa = PBXFileReference; lastKnownFileType = sourcecode.c.objc; path = ShoppingCraVC.m; sourceTree = "<group>"; };
		EAABC6E11EF0C9D600EF3F2C /* Base */ = {isa = PBXFileReference; lastKnownFileType = file.storyboard; name = Base; path = Base.lproj/Main.storyboard; sourceTree = "<group>"; };
		EAABC6E31EF0C9D600EF3F2C /* Assets.xcassets */ = {isa = PBXFileReference; lastKnownFileType = folder.assetcatalog; path = Assets.xcassets; sourceTree = "<group>"; };
		EAABC6E61EF0C9D600EF3F2C /* Base */ = {isa = PBXFileReference; lastKnownFileType = file.storyboard; name = Base; path = Base.lproj/LaunchScreen.storyboard; sourceTree = "<group>"; };
		EAABC6E81EF0C9D600EF3F2C /* Info.plist */ = {isa = PBXFileReference; lastKnownFileType = text.plist.xml; path = Info.plist; sourceTree = "<group>"; };
		EAEADCCA1EF0F8080065EB5E /* ViewController.h */ = {isa = PBXFileReference; fileEncoding = 4; lastKnownFileType = sourcecode.c.h; path = ViewController.h; sourceTree = "<group>"; };
		EAEADCCB1EF0F8080065EB5E /* ViewController.m */ = {isa = PBXFileReference; fileEncoding = 4; lastKnownFileType = sourcecode.c.objc; path = ViewController.m; sourceTree = "<group>"; };
		EAEADCCD1EF1302E0065EB5E /* ShoppingCarModel.h */ = {isa = PBXFileReference; fileEncoding = 4; lastKnownFileType = sourcecode.c.h; path = ShoppingCarModel.h; sourceTree = "<group>"; };
		EAEADCCE1EF1302E0065EB5E /* ShoppingCarModel.m */ = {isa = PBXFileReference; fileEncoding = 4; lastKnownFileType = sourcecode.c.objc; path = ShoppingCarModel.m; sourceTree = "<group>"; };
		EAEADCD01EF1323D0065EB5E /* 123456.jpg */ = {isa = PBXFileReference; lastKnownFileType = image.jpeg; path = 123456.jpg; sourceTree = "<group>"; };
/* End PBXFileReference section */

/* Begin PBXFrameworksBuildPhase section */
		EAABC6D11EF0C9D600EF3F2C /* Frameworks */ = {
			isa = PBXFrameworksBuildPhase;
			buildActionMask = 2147483647;
			files = (
			);
			runOnlyForDeploymentPostprocessing = 0;
		};
/* End PBXFrameworksBuildPhase section */

/* Begin PBXGroup section */
		EA2AFD8A1EF0D0A6001C9148 /* PPNumberButton */ = {
			isa = PBXGroup;
			children = (
				EA2AFD8B1EF0D0A6001C9148 /* PPNumberButton.h */,
				EA2AFD8C1EF0D0A6001C9148 /* PPNumberButton.m */,
			);
			path = PPNumberButton;
			sourceTree = "<group>";
		};
		EAABC6CB1EF0C9D600EF3F2C = {
			isa = PBXGroup;
			children = (
				EAABC6D61EF0C9D600EF3F2C /* ShoppingCar */,
				EAABC6D51EF0C9D600EF3F2C /* Products */,
			);
			sourceTree = "<group>";
		};
		EAABC6D51EF0C9D600EF3F2C /* Products */ = {
			isa = PBXGroup;
			children = (
				EAABC6D41EF0C9D600EF3F2C /* ShoppingCar.app */,
			);
			name = Products;
			sourceTree = "<group>";
		};
		EAABC6D61EF0C9D600EF3F2C /* ShoppingCar */ = {
			isa = PBXGroup;
			children = (
				EA2AFD8A1EF0D0A6001C9148 /* PPNumberButton */,
				EAABC6DA1EF0C9D600EF3F2C /* AppDelegate.h */,
				EAABC6DB1EF0C9D600EF3F2C /* AppDelegate.m */,
				EAEADCCA1EF0F8080065EB5E /* ViewController.h */,
				EAEADCCB1EF0F8080065EB5E /* ViewController.m */,
				EAABC6DD1EF0C9D600EF3F2C /* ShoppingCraVC.h */,
				EAABC6DE1EF0C9D600EF3F2C /* ShoppingCraVC.m */,
				EA2AFD871EF0CF58001C9148 /* ShoppingCraCell.h */,
				EA2AFD881EF0CF58001C9148 /* ShoppingCraCell.m */,
				EAEADCCD1EF1302E0065EB5E /* ShoppingCarModel.h */,
				EAEADCCE1EF1302E0065EB5E /* ShoppingCarModel.m */,
				EAABC6E01EF0C9D600EF3F2C /* Main.storyboard */,
				EAEADCD01EF1323D0065EB5E /* 123456.jpg */,
				EAABC6E31EF0C9D600EF3F2C /* Assets.xcassets */,
				EAABC6E51EF0C9D600EF3F2C /* LaunchScreen.storyboard */,
				EAABC6E81EF0C9D600EF3F2C /* Info.plist */,
				EAABC6D71EF0C9D600EF3F2C /* Supporting Files */,
			);
			path = ShoppingCar;
			sourceTree = "<group>";
		};
		EAABC6D71EF0C9D600EF3F2C /* Supporting Files */ = {
			isa = PBXGroup;
			children = (
				EAABC6D81EF0C9D600EF3F2C /* main.m */,
			);
			name = "Supporting Files";
			sourceTree = "<group>";
		};
/* End PBXGroup section */

/* Begin PBXNativeTarget section */
		EAABC6D31EF0C9D600EF3F2C /* ShoppingCar */ = {
			isa = PBXNativeTarget;
			buildConfigurationList = EAABC6EB1EF0C9D600EF3F2C /* Build configuration list for PBXNativeTarget "ShoppingCar" */;
			buildPhases = (
				EAABC6D01EF0C9D600EF3F2C /* Sources */,
				EAABC6D11EF0C9D600EF3F2C /* Frameworks */,
				EAABC6D21EF0C9D600EF3F2C /* Resources */,
			);
			buildRules = (
			);
			dependencies = (
			);
			name = ShoppingCar;
			productName = ShoppingCar;
			productReference = EAABC6D41EF0C9D600EF3F2C /* ShoppingCar.app */;
			productType = "com.apple.product-type.application";
		};
/* End PBXNativeTarget section */

/* Begin PBXProject section */
		EAABC6CC1EF0C9D600EF3F2C /* Project object */ = {
			isa = PBXProject;
			attributes = {
				LastUpgradeCheck = 0830;
				ORGANIZATIONNAME = "上海烨历网络科技有限公司";
				TargetAttributes = {
					EAABC6D31EF0C9D600EF3F2C = {
						CreatedOnToolsVersion = 8.3.3;
						DevelopmentTeam = SR3W5N2SBZ;
						ProvisioningStyle = Automatic;
					};
				};
			};
			buildConfigurationList = EAABC6CF1EF0C9D600EF3F2C /* Build configuration list for PBXProject "ShoppingCar" */;
			compatibilityVersion = "Xcode 3.2";
			developmentRegion = English;
			hasScannedForEncodings = 0;
			knownRegions = (
				en,
				Base,
			);
			mainGroup = EAABC6CB1EF0C9D600EF3F2C;
			productRefGroup = EAABC6D51EF0C9D600EF3F2C /* Products */;
			projectDirPath = "";
			projectRoot = "";
			targets = (
				EAABC6D31EF0C9D600EF3F2C /* ShoppingCar */,
			);
		};
/* End PBXProject section */

/* Begin PBXResourcesBuildPhase section */
		EAABC6D21EF0C9D600EF3F2C /* Resources */ = {
			isa = PBXResourcesBuildPhase;
			buildActionMask = 2147483647;
			files = (
				EAABC6E71EF0C9D600EF3F2C /* LaunchScreen.storyboard in Resources */,
				EAABC6E41EF0C9D600EF3F2C /* Assets.xcassets in Resources */,
				EAEADCD11EF1323D0065EB5E /* 123456.jpg in Resources */,
				EAABC6E21EF0C9D600EF3F2C /* Main.storyboard in Resources */,
			);
			runOnlyForDeploymentPostprocessing = 0;
		};
/* End PBXResourcesBuildPhase section */

/* Begin PBXSourcesBuildPhase section */
		EAABC6D01EF0C9D600EF3F2C /* Sources */ = {
			isa = PBXSourcesBuildPhase;
			buildActionMask = 2147483647;
			files = (
				EAEADCCF1EF1302E0065EB5E /* ShoppingCarModel.m in Sources */,
				EAEADCCC1EF0F8080065EB5E /* ViewController.m in Sources */,
				EAABC6DF1EF0C9D600EF3F2C /* ShoppingCraVC.m in Sources */,
				EA2AFD8D1EF0D0A6001C9148 /* PPNumberButton.m in Sources */,
				EAABC6DC1EF0C9D600EF3F2C /* AppDelegate.m in Sources */,
				EA2AFD891EF0CF58001C9148 /* ShoppingCraCell.m in Sources */,
				EAABC6D91EF0C9D600EF3F2C /* main.m in Sources */,
			);
			runOnlyForDeploymentPostprocessing = 0;
		};
/* End PBXSourcesBuildPhase section */

/* Begin PBXVariantGroup section */
		EAABC6E01EF0C9D600EF3F2C /* Main.storyboard */ = {
			isa = PBXVariantGroup;
			children = (
				EAABC6E11EF0C9D600EF3F2C /* Base */,
			);
			name = Main.storyboard;
			sourceTree = "<group>";
		};
		EAABC6E51EF0C9D600EF3F2C /* LaunchScreen.storyboard */ = {
			isa = PBXVariantGroup;
			children = (
				EAABC6E61EF0C9D600EF3F2C /* Base */,
			);
			name = LaunchScreen.storyboard;
			sourceTree = "<group>";
		};
/* End PBXVariantGroup section */

/* Begin XCBuildConfiguration section */
		EAABC6E91EF0C9D600EF3F2C /* Debug */ = {
			isa = XCBuildConfiguration;
			buildSettings = {
				ALWAYS_SEARCH_USER_PATHS = NO;
				CLANG_ANALYZER_NONNULL = YES;
				CLANG_ANALYZER_NUMBER_OBJECT_CONVERSION = YES_AGGRESSIVE;
				CLANG_CXX_LANGUAGE_STANDARD = "gnu++0x";
				CLANG_CXX_LIBRARY = "libc++";
				CLANG_ENABLE_MODULES = YES;
				CLANG_ENABLE_OBJC_ARC = YES;
				CLANG_WARN_BOOL_CONVERSION = YES;
				CLANG_WARN_CONSTANT_CONVERSION = YES;
				CLANG_WARN_DIRECT_OBJC_ISA_USAGE = YES_ERROR;
				CLANG_WARN_DOCUMENTATION_COMMENTS = YES;
				CLANG_WARN_EMPTY_BODY = YES;
				CLANG_WARN_ENUM_CONVERSION = YES;
				CLANG_WARN_INFINITE_RECURSION = YES;
				CLANG_WARN_INT_CONVERSION = YES;
				CLANG_WARN_OBJC_ROOT_CLASS = YES_ERROR;
				CLANG_WARN_SUSPICIOUS_MOVE = YES;
				CLANG_WARN_UNREACHABLE_CODE = YES;
				CLANG_WARN__DUPLICATE_METHOD_MATCH = YES;
				"CODE_SIGN_IDENTITY[sdk=iphoneos*]" = "iPhone Developer";
				COPY_PHASE_STRIP = NO;
				DEBUG_INFORMATION_FORMAT = dwarf;
				ENABLE_STRICT_OBJC_MSGSEND = YES;
				ENABLE_TESTABILITY = YES;
				GCC_C_LANGUAGE_STANDARD = gnu99;
				GCC_DYNAMIC_NO_PIC = NO;
				GCC_NO_COMMON_BLOCKS = YES;
				GCC_OPTIMIZATION_LEVEL = 0;
				GCC_PREPROCESSOR_DEFINITIONS = (
					"DEBUG=1",
					"$(inherited)",
				);
				GCC_WARN_64_TO_32_BIT_CONVERSION = YES;
				GCC_WARN_ABOUT_RETURN_TYPE = YES_ERROR;
				GCC_WARN_UNDECLARED_SELECTOR = YES;
				GCC_WARN_UNINITIALIZED_AUTOS = YES_AGGRESSIVE;
				GCC_WARN_UNUSED_FUNCTION = YES;
				GCC_WARN_UNUSED_VARIABLE = YES;
				IPHONEOS_DEPLOYMENT_TARGET = 10.3;
				MTL_ENABLE_DEBUG_INFO = YES;
				ONLY_ACTIVE_ARCH = YES;
				SDKROOT = iphoneos;
			};
			name = Debug;
		};
		EAABC6EA1EF0C9D600EF3F2C /* Release */ = {
			isa = XCBuildConfiguration;
			buildSettings = {
				ALWAYS_SEARCH_USER_PATHS = NO;
				CLANG_ANALYZER_NONNULL = YES;
				CLANG_ANALYZER_NUMBER_OBJECT_CONVERSION = YES_AGGRESSIVE;
				CLANG_CXX_LANGUAGE_STANDARD = "gnu++0x";
				CLANG_CXX_LIBRARY = "libc++";
				CLANG_ENABLE_MODULES = YES;
				CLANG_ENABLE_OBJC_ARC = YES;
				CLANG_WARN_BOOL_CONVERSION = YES;
				CLANG_WARN_CONSTANT_CONVERSION = YES;
				CLANG_WARN_DIRECT_OBJC_ISA_USAGE = YES_ERROR;
				CLANG_WARN_DOCUMENTATION_COMMENTS = YES;
				CLANG_WARN_EMPTY_BODY = YES;
				CLANG_WARN_ENUM_CONVERSION = YES;
				CLANG_WARN_INFINITE_RECURSION = YES;
				CLANG_WARN_INT_CONVERSION = YES;
				CLANG_WARN_OBJC_ROOT_CLASS = YES_ERROR;
				CLANG_WARN_SUSPICIOUS_MOVE = YES;
				CLANG_WARN_UNREACHABLE_CODE = YES;
				CLANG_WARN__DUPLICATE_METHOD_MATCH = YES;
				"CODE_SIGN_IDENTITY[sdk=iphoneos*]" = "iPhone Developer";
				COPY_PHASE_STRIP = NO;
				DEBUG_INFORMATION_FORMAT = "dwarf-with-dsym";
				ENABLE_NS_ASSERTIONS = NO;
				ENABLE_STRICT_OBJC_MSGSEND = YES;
				GCC_C_LANGUAGE_STANDARD = gnu99;
				GCC_NO_COMMON_BLOCKS = YES;
				GCC_WARN_64_TO_32_BIT_CONVERSION = YES;
				GCC_WARN_ABOUT_RETURN_TYPE = YES_ERROR;
				GCC_WARN_UNDECLARED_SELECTOR = YES;
				GCC_WARN_UNINITIALIZED_AUTOS = YES_AGGRESSIVE;
				GCC_WARN_UNUSED_FUNCTION = YES;
				GCC_WARN_UNUSED_VARIABLE = YES;
				IPHONEOS_DEPLOYMENT_TARGET = 10.3;
				MTL_ENABLE_DEBUG_INFO = NO;
				SDKROOT = iphoneos;
				VALIDATE_PRODUCT = YES;
			};
			name = Release;
		};
		EAABC6EC1EF0C9D600EF3F2C /* Debug */ = {
			isa = XCBuildConfiguration;
			buildSettings = {
				ASSETCATALOG_COMPILER_APPICON_NAME = AppIcon;
				DEVELOPMENT_TEAM = SR3W5N2SBZ;
				INFOPLIST_FILE = ShoppingCar/Info.plist;
				LD_RUNPATH_SEARCH_PATHS = "$(inherited) @executable_path/Frameworks";
				PRODUCT_BUNDLE_IDENTIFIER = com.shyl.ShoppingCar;
				PRODUCT_NAME = "$(TARGET_NAME)";
			};
			name = Debug;
		};
		EAABC6ED1EF0C9D600EF3F2C /* Release */ = {
			isa = XCBuildConfiguration;
			buildSettings = {
				ASSETCATALOG_COMPILER_APPICON_NAME = AppIcon;
				DEVELOPMENT_TEAM = SR3W5N2SBZ;
				INFOPLIST_FILE = ShoppingCar/Info.plist;
				LD_RUNPATH_SEARCH_PATHS = "$(inherited) @executable_path/Frameworks";
				PRODUCT_BUNDLE_IDENTIFIER = com.shyl.ShoppingCar;
				PRODUCT_NAME = "$(TARGET_NAME)";
			};
			name = Release;
		};
/* End XCBuildConfiguration section */

/* Begin XCConfigurationList section */
		EAABC6CF1EF0C9D600EF3F2C /* Build configuration list for PBXProject "ShoppingCar" */ = {
			isa = XCConfigurationList;
			buildConfigurations = (
				EAABC6E91EF0C9D600EF3F2C /* Debug */,
				EAABC6EA1EF0C9D600EF3F2C /* Release */,
			);
			defaultConfigurationIsVisible = 0;
			defaultConfigurationName = Release;
		};
		EAABC6EB1EF0C9D600EF3F2C /* Build configuration list for PBXNativeTarget "ShoppingCar" */ = {
			isa = XCConfigurationList;
			buildConfigurations = (
				EAABC6EC1EF0C9D600EF3F2C /* Debug */,
				EAABC6ED1EF0C9D600EF3F2C /* Release */,
			);
			defaultConfigurationIsVisible = 0;
			defaultConfigurationName = Release;
		};
/* End XCConfigurationList section */
	};
	rootObject = EAABC6CC1EF0C9D600EF3F2C /* Project object */;
}
